PODS:
  - SKPhotoBrowser (3.1.3)

DEPENDENCIES:
  - SKPhotoBrowser (from `https://github.com/suzuki-0000/SKPhotoBrowser.git`, branch `swift3`)

EXTERNAL SOURCES:
  SKPhotoBrowser:
    :branch: swift3
    :git: https://github.com/suzuki-0000/SKPhotoBrowser.git

CHECKOUT OPTIONS:
  SKPhotoBrowser:
    :commit: 2b51155541dcf95a32917a9a610f851630fa4e41
    :git: https://github.com/suzuki-0000/SKPhotoBrowser.git

SPEC CHECKSUMS:
  SKPhotoBrowser: 4690ffb59db79849454241ecc65cc3d6af9965bf

PODFILE CHECKSUM: f402ddb47e5a34009a3587305e45a096a49ae03e

COCOAPODS: 1.0.1
