// !$*UTF8*$!
{
	archiveVersion = 1;
	classes = {
	};
	objectVersion = 46;
	objects = {

/* Begin PBXBuildFile section */
		040BDF3A1D1F13E100A46FB1 /* Localizable.strings in Resources */ = {isa = PBXBuildFile; fileRef = 040BDF391D1F13E100A46FB1 /* Localizable.strings */; };
		040BDF3E1D1F187100A46FB1 /* Localizable.stringsdict in Resources */ = {isa = PBXBuildFile; fileRef = 040BDF3D1D1F187100A46FB1 /* Localizable.stringsdict */; };
		04235BE21D8DB2260097353B /* URLBuildable.swift in Sources */ = {isa = PBXBuildFile; fileRef = 04235BE11D8DB2260097353B /* URLBuildable.swift */; };
		04235BE41D8DB22E0097353B /* AnimalURLBuilder.swift in Sources */ = {isa = PBXBuildFile; fileRef = 04235BE31D8DB22E0097353B /* AnimalURLBuilder.swift */; };
		04235BE81D8DB6360097353B /* BoolToggleExtension.swift in Sources */ = {isa = PBXBuildFile; fileRef = 04235BE71D8DB6360097353B /* BoolToggleExtension.swift */; };
		04235BE91D8DB73D0097353B /* BoolInitExtension.swift in Sources */ = {isa = PBXBuildFile; fileRef = 04AAE1561D87217A009246D2 /* BoolInitExtension.swift */; };
		04235BEA1D8DB7420097353B /* BoolToggleExtension.swift in Sources */ = {isa = PBXBuildFile; fileRef = 04235BE71D8DB6360097353B /* BoolToggleExtension.swift */; };
		0428194E1D854ADD00ECA3B9 /* PreferencesViewController.swift in Sources */ = {isa = PBXBuildFile; fileRef = 0428194D1D854ADD00ECA3B9 /* PreferencesViewController.swift */; };
		042AF0EE1D27DCC100FC8175 /* UIInsetLabel.swift in Sources */ = {isa = PBXBuildFile; fileRef = 042AF0ED1D27DCC100FC8175 /* UIInsetLabel.swift */; };
		042AF0F01D28179900FC8175 /* CenterCellCollectionViewFlowLayout.swift in Sources */ = {isa = PBXBuildFile; fileRef = 042AF0EF1D28179900FC8175 /* CenterCellCollectionViewFlowLayout.swift */; };
		042F97F41D35899F00FE1961 /* AnimalPhotoCell.swift in Sources */ = {isa = PBXBuildFile; fileRef = 042F97F31D35899F00FE1961 /* AnimalPhotoCell.swift */; };
		044D64BE1D3C12BA008CF116 /* AnimalCardsPresenter.swift in Sources */ = {isa = PBXBuildFile; fileRef = 044D64BD1D3C12BA008CF116 /* AnimalCardsPresenter.swift */; };
		04A3F1A41D1B3C7800B728E8 /* AnimalCardsViewController.swift in Sources */ = {isa = PBXBuildFile; fileRef = 5CCD46B01D04C6E600D2D672 /* AnimalCardsViewController.swift */; };
		04A8E1011D31867B00E28A0C /* UIImageCircularExtension.swift in Sources */ = {isa = PBXBuildFile; fileRef = 04A8E1001D31867B00E28A0C /* UIImageCircularExtension.swift */; };
		04AAE1571D87217A009246D2 /* BoolInitExtension.swift in Sources */ = {isa = PBXBuildFile; fileRef = 04AAE1561D87217A009246D2 /* BoolInitExtension.swift */; };
		04C22B261D47CEAC000E7AC3 /* AnimalImageProvider.swift in Sources */ = {isa = PBXBuildFile; fileRef = 04C22B251D47CEAC000E7AC3 /* AnimalImageProvider.swift */; };
		04C22B281D47D16B000E7AC3 /* CounterView.swift in Sources */ = {isa = PBXBuildFile; fileRef = 04C22B271D47D16B000E7AC3 /* CounterView.swift */; };
		04CCB0AA1D43F74800BCE06B /* AnimalFeatureTableCell.swift in Sources */ = {isa = PBXBuildFile; fileRef = 04CCB0A91D43F74800BCE06B /* AnimalFeatureTableCell.swift */; };
		04E3081B1D44BCE400A822BF /* Localizable.strings in Resources */ = {isa = PBXBuildFile; fileRef = 04E3081A1D44BCE400A822BF /* Localizable.strings */; };
		04E61A491D18930F002AA70F /* AnimalCollectionCell.swift in Sources */ = {isa = PBXBuildFile; fileRef = 04E61A481D18930F002AA70F /* AnimalCollectionCell.swift */; };
		04EE02B11D3118B600E8EEB7 /* AnimalDetailViewController.swift in Sources */ = {isa = PBXBuildFile; fileRef = 04EE02B01D3118B600E8EEB7 /* AnimalDetailViewController.swift */; };
		0D8BA6A1D4CC3B586AEB695A /* Pods_Na4_apyUITests.framework in Frameworks */ = {isa = PBXBuildFile; fileRef = E87CECEEC3B22DA0335263A9 /* Pods_Na4_apyUITests.framework */; };
		5C0A9AFC1DCCB9700091B193 /* PomagajViewController.swift in Sources */ = {isa = PBXBuildFile; fileRef = 5C0A9AFB1DCCB9700091B193 /* PomagajViewController.swift */; };
		5C0A9B061DCCD27B0091B193 /* FavouriteViewController.swift in Sources */ = {isa = PBXBuildFile; fileRef = 5C0A9B051DCCD27B0091B193 /* FavouriteViewController.swift */; };
		5C3C71301D1737B700ED5C3A /* Listing.swift in Sources */ = {isa = PBXBuildFile; fileRef = 5C3C712F1D1737B700ED5C3A /* Listing.swift */; };
		5C5134BF1D2C52FB00D50BCB /* Favourite.swift in Sources */ = {isa = PBXBuildFile; fileRef = 5C5134BE1D2C52FB00D50BCB /* Favourite.swift */; };
		5C5134C01D2C60B600D50BCB /* Favourite.swift in Sources */ = {isa = PBXBuildFile; fileRef = 5C5134BE1D2C52FB00D50BCB /* Favourite.swift */; };
		5C6821731D061B5C00FA7781 /* Animal.swift in Sources */ = {isa = PBXBuildFile; fileRef = 5C6821721D061B5C00FA7781 /* Animal.swift */; };
		5C6821761D061C5F00FA7781 /* Shelter.swift in Sources */ = {isa = PBXBuildFile; fileRef = 5C6821751D061C5F00FA7781 /* Shelter.swift */; };
		5C6821781D06200B00FA7781 /* Photo.swift in Sources */ = {isa = PBXBuildFile; fileRef = 5C6821771D06200B00FA7781 /* Photo.swift */; };
		5C68217F1D07295100FA7781 /* UserPreferences.swift in Sources */ = {isa = PBXBuildFile; fileRef = 5C68217E1D07295100FA7781 /* UserPreferences.swift */; };
		5C6821811D0729EB00FA7781 /* Request.swift in Sources */ = {isa = PBXBuildFile; fileRef = 5C6821801D0729EB00FA7781 /* Request.swift */; };
		5C6821831D07469C00FA7781 /* Logger.swift in Sources */ = {isa = PBXBuildFile; fileRef = 5C6821821D07469C00FA7781 /* Logger.swift */; };
		5C6821861D077E5900FA7781 /* Constants.swift in Sources */ = {isa = PBXBuildFile; fileRef = 5C6821851D077E5900FA7781 /* Constants.swift */; };
		5C6821881D08C14500FA7781 /* ErrorString.swift in Sources */ = {isa = PBXBuildFile; fileRef = 5C6821871D08C14500FA7781 /* ErrorString.swift */; };
		5C68218A1D08C76600FA7781 /* Constants.swift in Sources */ = {isa = PBXBuildFile; fileRef = 5C6821851D077E5900FA7781 /* Constants.swift */; };
		5C68218B1D08C76A00FA7781 /* ErrorString.swift in Sources */ = {isa = PBXBuildFile; fileRef = 5C6821871D08C14500FA7781 /* ErrorString.swift */; };
		5C68218C1D08C76E00FA7781 /* Request.swift in Sources */ = {isa = PBXBuildFile; fileRef = 5C6821801D0729EB00FA7781 /* Request.swift */; };
		5C68218D1D08C77100FA7781 /* UserPreferences.swift in Sources */ = {isa = PBXBuildFile; fileRef = 5C68217E1D07295100FA7781 /* UserPreferences.swift */; };
		5C68218E1D08C77500FA7781 /* Photo.swift in Sources */ = {isa = PBXBuildFile; fileRef = 5C6821771D06200B00FA7781 /* Photo.swift */; };
		5C68218F1D08C77900FA7781 /* Shelter.swift in Sources */ = {isa = PBXBuildFile; fileRef = 5C6821751D061C5F00FA7781 /* Shelter.swift */; };
		5C6821901D08C79300FA7781 /* Logger.swift in Sources */ = {isa = PBXBuildFile; fileRef = 5C6821821D07469C00FA7781 /* Logger.swift */; };
		5C6A40021D1890DF00241067 /* APIObject.swift in Sources */ = {isa = PBXBuildFile; fileRef = 5C6A40011D1890DF00241067 /* APIObject.swift */; };
		5C6A40031D189FC100241067 /* APIObject.swift in Sources */ = {isa = PBXBuildFile; fileRef = 5C6A40011D1890DF00241067 /* APIObject.swift */; };
		5C6A40041D189FCB00241067 /* Listing.swift in Sources */ = {isa = PBXBuildFile; fileRef = 5C3C712F1D1737B700ED5C3A /* Listing.swift */; };
		5CCD46AF1D04C6E600D2D672 /* AppDelegate.swift in Sources */ = {isa = PBXBuildFile; fileRef = 5CCD46AE1D04C6E600D2D672 /* AppDelegate.swift */; };
		5CCD46B41D04C6E600D2D672 /* Main.storyboard in Resources */ = {isa = PBXBuildFile; fileRef = 5CCD46B21D04C6E600D2D672 /* Main.storyboard */; };
		5CCD46B61D04C6E600D2D672 /* Assets.xcassets in Resources */ = {isa = PBXBuildFile; fileRef = 5CCD46B51D04C6E600D2D672 /* Assets.xcassets */; };
		5CCD46B91D04C6E600D2D672 /* LaunchScreen.storyboard in Resources */ = {isa = PBXBuildFile; fileRef = 5CCD46B71D04C6E600D2D672 /* LaunchScreen.storyboard */; };
		5CCD46C41D04C6E600D2D672 /* Na4_apyTests.swift in Sources */ = {isa = PBXBuildFile; fileRef = 5CCD46C31D04C6E600D2D672 /* Na4_apyTests.swift */; };
		5CCD46CF1D04C6E600D2D672 /* Na4_apyUITests.swift in Sources */ = {isa = PBXBuildFile; fileRef = 5CCD46CE1D04C6E600D2D672 /* Na4_apyUITests.swift */; };
		6FAFA5AA4D783B7B0881C547 /* Pods_Na4_apyTests.framework in Frameworks */ = {isa = PBXBuildFile; fileRef = 5EE99D39CE35B1899BDCDE5B /* Pods_Na4_apyTests.framework */; };
		89166A708B522BCFBA3BA06F /* Pods_Na4_apy.framework in Frameworks */ = {isa = PBXBuildFile; fileRef = E840672C406BA1344B0FF4ED /* Pods_Na4_apy.framework */; };
/* End PBXBuildFile section */

/* Begin PBXContainerItemProxy section */
		5CCD46C01D04C6E600D2D672 /* PBXContainerItemProxy */ = {
			isa = PBXContainerItemProxy;
			containerPortal = 5CCD46A31D04C6E600D2D672 /* Project object */;
			proxyType = 1;
			remoteGlobalIDString = 5CCD46AA1D04C6E600D2D672;
			remoteInfo = "Na4Łapy";
		};
		5CCD46CB1D04C6E600D2D672 /* PBXContainerItemProxy */ = {
			isa = PBXContainerItemProxy;
			containerPortal = 5CCD46A31D04C6E600D2D672 /* Project object */;
			proxyType = 1;
			remoteGlobalIDString = 5CCD46AA1D04C6E600D2D672;
			remoteInfo = "Na4Łapy";
		};
/* End PBXContainerItemProxy section */

/* Begin PBXFileReference section */
		040BDF391D1F13E100A46FB1 /* Localizable.strings */ = {isa = PBXFileReference; fileEncoding = 4; lastKnownFileType = text.plist.strings; name = Localizable.strings; path = ../Localizable.strings; sourceTree = "<group>"; };
		040BDF3D1D1F187100A46FB1 /* Localizable.stringsdict */ = {isa = PBXFileReference; fileEncoding = 4; lastKnownFileType = text.plist.stringsdict; name = Localizable.stringsdict; path = ../Localizable.stringsdict; sourceTree = "<group>"; };
		04235BE11D8DB2260097353B /* URLBuildable.swift */ = {isa = PBXFileReference; fileEncoding = 4; lastKnownFileType = sourcecode.swift; name = URLBuildable.swift; path = Model/URLBuildable.swift; sourceTree = "<group>"; };
		04235BE31D8DB22E0097353B /* AnimalURLBuilder.swift */ = {isa = PBXFileReference; fileEncoding = 4; lastKnownFileType = sourcecode.swift; name = AnimalURLBuilder.swift; path = Model/AnimalURLBuilder.swift; sourceTree = "<group>"; };
		04235BE71D8DB6360097353B /* BoolToggleExtension.swift */ = {isa = PBXFileReference; fileEncoding = 4; lastKnownFileType = sourcecode.swift; path = BoolToggleExtension.swift; sourceTree = "<group>"; };
		0428194D1D854ADD00ECA3B9 /* PreferencesViewController.swift */ = {isa = PBXFileReference; fileEncoding = 4; lastKnownFileType = sourcecode.swift; path = PreferencesViewController.swift; sourceTree = "<group>"; };
		042AF0ED1D27DCC100FC8175 /* UIInsetLabel.swift */ = {isa = PBXFileReference; fileEncoding = 4; lastKnownFileType = sourcecode.swift; name = UIInsetLabel.swift; path = ../UIInsetLabel.swift; sourceTree = "<group>"; };
		042AF0EF1D28179900FC8175 /* CenterCellCollectionViewFlowLayout.swift */ = {isa = PBXFileReference; fileEncoding = 4; lastKnownFileType = sourcecode.swift; path = CenterCellCollectionViewFlowLayout.swift; sourceTree = "<group>"; };
		042F97F31D35899F00FE1961 /* AnimalPhotoCell.swift */ = {isa = PBXFileReference; fileEncoding = 4; lastKnownFileType = sourcecode.swift; path = AnimalPhotoCell.swift; sourceTree = "<group>"; };
		044D64BD1D3C12BA008CF116 /* AnimalCardsPresenter.swift */ = {isa = PBXFileReference; fileEncoding = 4; lastKnownFileType = sourcecode.swift; path = AnimalCardsPresenter.swift; sourceTree = "<group>"; };
		04A8E1001D31867B00E28A0C /* UIImageCircularExtension.swift */ = {isa = PBXFileReference; fileEncoding = 4; lastKnownFileType = sourcecode.swift; path = UIImageCircularExtension.swift; sourceTree = "<group>"; };
		04AAE1561D87217A009246D2 /* BoolInitExtension.swift */ = {isa = PBXFileReference; fileEncoding = 4; lastKnownFileType = sourcecode.swift; path = BoolInitExtension.swift; sourceTree = "<group>"; };
		04C22B251D47CEAC000E7AC3 /* AnimalImageProvider.swift */ = {isa = PBXFileReference; fileEncoding = 4; lastKnownFileType = sourcecode.swift; path = AnimalImageProvider.swift; sourceTree = "<group>"; };
		04C22B271D47D16B000E7AC3 /* CounterView.swift */ = {isa = PBXFileReference; fileEncoding = 4; lastKnownFileType = sourcecode.swift; path = CounterView.swift; sourceTree = "<group>"; };
		04CCB0A91D43F74800BCE06B /* AnimalFeatureTableCell.swift */ = {isa = PBXFileReference; fileEncoding = 4; lastKnownFileType = sourcecode.swift; path = AnimalFeatureTableCell.swift; sourceTree = "<group>"; };
		04E3081A1D44BCE400A822BF /* Localizable.strings */ = {isa = PBXFileReference; fileEncoding = 4; lastKnownFileType = text.plist.strings; path = Localizable.strings; sourceTree = "<group>"; };
		04E61A481D18930F002AA70F /* AnimalCollectionCell.swift */ = {isa = PBXFileReference; fileEncoding = 4; lastKnownFileType = sourcecode.swift; path = AnimalCollectionCell.swift; sourceTree = "<group>"; };
		04EE02B01D3118B600E8EEB7 /* AnimalDetailViewController.swift */ = {isa = PBXFileReference; fileEncoding = 4; lastKnownFileType = sourcecode.swift; path = AnimalDetailViewController.swift; sourceTree = "<group>"; };
		47329DF26D6B2A34E4B5AD55 /* Pods-Na4ŁapyTests.debug.xcconfig */ = {isa = PBXFileReference; includeInIndex = 1; lastKnownFileType = text.xcconfig; name = "Pods-Na4ŁapyTests.debug.xcconfig"; path = "Pods/Target Support Files/Pods-Na4ŁapyTests/Pods-Na4ŁapyTests.debug.xcconfig"; sourceTree = "<group>"; };
		5C0A9AFB1DCCB9700091B193 /* PomagajViewController.swift */ = {isa = PBXFileReference; fileEncoding = 4; lastKnownFileType = sourcecode.swift; path = PomagajViewController.swift; sourceTree = "<group>"; };
		5C0A9B051DCCD27B0091B193 /* FavouriteViewController.swift */ = {isa = PBXFileReference; fileEncoding = 4; lastKnownFileType = sourcecode.swift; path = FavouriteViewController.swift; sourceTree = "<group>"; };
		5C3C712F1D1737B700ED5C3A /* Listing.swift */ = {isa = PBXFileReference; fileEncoding = 4; lastKnownFileType = sourcecode.swift; name = Listing.swift; path = Model/Listing.swift; sourceTree = "<group>"; };
		5C5134BE1D2C52FB00D50BCB /* Favourite.swift */ = {isa = PBXFileReference; fileEncoding = 4; lastKnownFileType = sourcecode.swift; name = Favourite.swift; path = Model/Favourite.swift; sourceTree = "<group>"; };
		5C6821721D061B5C00FA7781 /* Animal.swift */ = {isa = PBXFileReference; fileEncoding = 4; lastKnownFileType = sourcecode.swift; name = Animal.swift; path = Model/Animal.swift; sourceTree = "<group>"; };
		5C6821751D061C5F00FA7781 /* Shelter.swift */ = {isa = PBXFileReference; fileEncoding = 4; lastKnownFileType = sourcecode.swift; name = Shelter.swift; path = Model/Shelter.swift; sourceTree = "<group>"; };
		5C6821771D06200B00FA7781 /* Photo.swift */ = {isa = PBXFileReference; fileEncoding = 4; lastKnownFileType = sourcecode.swift; name = Photo.swift; path = Model/Photo.swift; sourceTree = "<group>"; };
		5C68217E1D07295100FA7781 /* UserPreferences.swift */ = {isa = PBXFileReference; fileEncoding = 4; lastKnownFileType = sourcecode.swift; name = UserPreferences.swift; path = Model/UserPreferences.swift; sourceTree = "<group>"; };
		5C6821801D0729EB00FA7781 /* Request.swift */ = {isa = PBXFileReference; fileEncoding = 4; lastKnownFileType = sourcecode.swift; name = Request.swift; path = Model/Request.swift; sourceTree = "<group>"; };
		5C6821821D07469C00FA7781 /* Logger.swift */ = {isa = PBXFileReference; fileEncoding = 4; lastKnownFileType = sourcecode.swift; name = Logger.swift; path = Logger/Logger.swift; sourceTree = "<group>"; };
		5C6821851D077E5900FA7781 /* Constants.swift */ = {isa = PBXFileReference; fileEncoding = 4; lastKnownFileType = sourcecode.swift; name = Constants.swift; path = Config/Constants.swift; sourceTree = "<group>"; };
		5C6821871D08C14500FA7781 /* ErrorString.swift */ = {isa = PBXFileReference; fileEncoding = 4; lastKnownFileType = sourcecode.swift; name = ErrorString.swift; path = Config/ErrorString.swift; sourceTree = "<group>"; };
		5C6A40011D1890DF00241067 /* APIObject.swift */ = {isa = PBXFileReference; fileEncoding = 4; lastKnownFileType = sourcecode.swift; name = APIObject.swift; path = Model/APIObject.swift; sourceTree = "<group>"; };
		5CCD46AB1D04C6E600D2D672 /* Na4Łapy.app */ = {isa = PBXFileReference; explicitFileType = wrapper.application; includeInIndex = 0; path = "Na4Łapy.app"; sourceTree = BUILT_PRODUCTS_DIR; };
		5CCD46AE1D04C6E600D2D672 /* AppDelegate.swift */ = {isa = PBXFileReference; lastKnownFileType = sourcecode.swift; path = AppDelegate.swift; sourceTree = "<group>"; };
		5CCD46B01D04C6E600D2D672 /* AnimalCardsViewController.swift */ = {isa = PBXFileReference; lastKnownFileType = sourcecode.swift; path = AnimalCardsViewController.swift; sourceTree = "<group>"; };
		5CCD46B31D04C6E600D2D672 /* Base */ = {isa = PBXFileReference; lastKnownFileType = file.storyboard; name = Base; path = Base.lproj/Main.storyboard; sourceTree = "<group>"; };
		5CCD46B51D04C6E600D2D672 /* Assets.xcassets */ = {isa = PBXFileReference; lastKnownFileType = folder.assetcatalog; path = Assets.xcassets; sourceTree = "<group>"; };
		5CCD46B81D04C6E600D2D672 /* Base */ = {isa = PBXFileReference; lastKnownFileType = file.storyboard; name = Base; path = Base.lproj/LaunchScreen.storyboard; sourceTree = "<group>"; };
		5CCD46BA1D04C6E600D2D672 /* Info.plist */ = {isa = PBXFileReference; lastKnownFileType = text.plist.xml; path = Info.plist; sourceTree = "<group>"; };
		5CCD46BF1D04C6E600D2D672 /* Na4ŁapyTests.xctest */ = {isa = PBXFileReference; explicitFileType = wrapper.cfbundle; includeInIndex = 0; path = "Na4ŁapyTests.xctest"; sourceTree = BUILT_PRODUCTS_DIR; };
		5CCD46C31D04C6E600D2D672 /* Na4_apyTests.swift */ = {isa = PBXFileReference; lastKnownFileType = sourcecode.swift; path = Na4_apyTests.swift; sourceTree = "<group>"; };
		5CCD46C51D04C6E600D2D672 /* Info.plist */ = {isa = PBXFileReference; lastKnownFileType = text.plist.xml; path = Info.plist; sourceTree = "<group>"; };
		5CCD46CA1D04C6E600D2D672 /* Na4ŁapyUITests.xctest */ = {isa = PBXFileReference; explicitFileType = wrapper.cfbundle; includeInIndex = 0; path = "Na4ŁapyUITests.xctest"; sourceTree = BUILT_PRODUCTS_DIR; };
		5CCD46CE1D04C6E600D2D672 /* Na4_apyUITests.swift */ = {isa = PBXFileReference; lastKnownFileType = sourcecode.swift; path = Na4_apyUITests.swift; sourceTree = "<group>"; };
		5CCD46D01D04C6E600D2D672 /* Info.plist */ = {isa = PBXFileReference; lastKnownFileType = text.plist.xml; path = Info.plist; sourceTree = "<group>"; };
		5EE99D39CE35B1899BDCDE5B /* Pods_Na4_apyTests.framework */ = {isa = PBXFileReference; explicitFileType = wrapper.framework; includeInIndex = 0; path = Pods_Na4_apyTests.framework; sourceTree = BUILT_PRODUCTS_DIR; };
		A2B95E7E3D537B3D602D612B /* Pods-Na4Łapy.release.xcconfig */ = {isa = PBXFileReference; includeInIndex = 1; lastKnownFileType = text.xcconfig; name = "Pods-Na4Łapy.release.xcconfig"; path = "Pods/Target Support Files/Pods-Na4Łapy/Pods-Na4Łapy.release.xcconfig"; sourceTree = "<group>"; };
		A4B2DFC64AA3F1BAC67298C3 /* Pods-Na4ŁapyTests.release.xcconfig */ = {isa = PBXFileReference; includeInIndex = 1; lastKnownFileType = text.xcconfig; name = "Pods-Na4ŁapyTests.release.xcconfig"; path = "Pods/Target Support Files/Pods-Na4ŁapyTests/Pods-Na4ŁapyTests.release.xcconfig"; sourceTree = "<group>"; };
		B58F094A766A3A49618A8110 /* Pods-Na4ŁapyUITests.debug.xcconfig */ = {isa = PBXFileReference; includeInIndex = 1; lastKnownFileType = text.xcconfig; name = "Pods-Na4ŁapyUITests.debug.xcconfig"; path = "Pods/Target Support Files/Pods-Na4ŁapyUITests/Pods-Na4ŁapyUITests.debug.xcconfig"; sourceTree = "<group>"; };
		B864BB45FF53EC48343D3FFC /* Pods-Na4ŁapyUITests.release.xcconfig */ = {isa = PBXFileReference; includeInIndex = 1; lastKnownFileType = text.xcconfig; name = "Pods-Na4ŁapyUITests.release.xcconfig"; path = "Pods/Target Support Files/Pods-Na4ŁapyUITests/Pods-Na4ŁapyUITests.release.xcconfig"; sourceTree = "<group>"; };
		C0085FB30658EB415E5825F5 /* Pods-Na4Łapy.debug.xcconfig */ = {isa = PBXFileReference; includeInIndex = 1; lastKnownFileType = text.xcconfig; name = "Pods-Na4Łapy.debug.xcconfig"; path = "Pods/Target Support Files/Pods-Na4Łapy/Pods-Na4Łapy.debug.xcconfig"; sourceTree = "<group>"; };
		E840672C406BA1344B0FF4ED /* Pods_Na4_apy.framework */ = {isa = PBXFileReference; explicitFileType = wrapper.framework; includeInIndex = 0; path = Pods_Na4_apy.framework; sourceTree = BUILT_PRODUCTS_DIR; };
		E87CECEEC3B22DA0335263A9 /* Pods_Na4_apyUITests.framework */ = {isa = PBXFileReference; explicitFileType = wrapper.framework; includeInIndex = 0; path = Pods_Na4_apyUITests.framework; sourceTree = BUILT_PRODUCTS_DIR; };
/* End PBXFileReference section */

/* Begin PBXFrameworksBuildPhase section */
		5CCD46A81D04C6E600D2D672 /* Frameworks */ = {
			isa = PBXFrameworksBuildPhase;
			buildActionMask = 2147483647;
			files = (
				89166A708B522BCFBA3BA06F /* Pods_Na4_apy.framework in Frameworks */,
			);
			runOnlyForDeploymentPostprocessing = 0;
		};
		5CCD46BC1D04C6E600D2D672 /* Frameworks */ = {
			isa = PBXFrameworksBuildPhase;
			buildActionMask = 2147483647;
			files = (
				6FAFA5AA4D783B7B0881C547 /* Pods_Na4_apyTests.framework in Frameworks */,
			);
			runOnlyForDeploymentPostprocessing = 0;
		};
		5CCD46C71D04C6E600D2D672 /* Frameworks */ = {
			isa = PBXFrameworksBuildPhase;
			buildActionMask = 2147483647;
			files = (
				0D8BA6A1D4CC3B586AEB695A /* Pods_Na4_apyUITests.framework in Frameworks */,
			);
			runOnlyForDeploymentPostprocessing = 0;
		};
/* End PBXFrameworksBuildPhase section */

/* Begin PBXGroup section */
		0428194C1D854ABA00ECA3B9 /* PreferencesView */ = {
			isa = PBXGroup;
			children = (
				0428194D1D854ADD00ECA3B9 /* PreferencesViewController.swift */,
				04AAE1561D87217A009246D2 /* BoolInitExtension.swift */,
				04235BE71D8DB6360097353B /* BoolToggleExtension.swift */,
			);
			name = PreferencesView;
			sourceTree = "<group>";
		};
		047D444D1D396A8C00CF40FE /* UI */ = {
			isa = PBXGroup;
			children = (
				5C0A9B051DCCD27B0091B193 /* FavouriteViewController.swift */,
				0428194C1D854ABA00ECA3B9 /* PreferencesView */,
				047D44501D396AF400CF40FE /* Common */,
				047D444F1D396AD300CF40FE /* AnimalDetailView */,
				047D444E1D396AA200CF40FE /* AnimalCardsView */,
				5C0A9AFB1DCCB9700091B193 /* PomagajViewController.swift */,
			);
			name = UI;
			sourceTree = "<group>";
		};
		047D444E1D396AA200CF40FE /* AnimalCardsView */ = {
			isa = PBXGroup;
			children = (
				5CCD46B01D04C6E600D2D672 /* AnimalCardsViewController.swift */,
				04E61A481D18930F002AA70F /* AnimalCollectionCell.swift */,
				042AF0EF1D28179900FC8175 /* CenterCellCollectionViewFlowLayout.swift */,
				044D64BD1D3C12BA008CF116 /* AnimalCardsPresenter.swift */,
			);
			name = AnimalCardsView;
			sourceTree = "<group>";
		};
		047D444F1D396AD300CF40FE /* AnimalDetailView */ = {
			isa = PBXGroup;
			children = (
				04EE02B01D3118B600E8EEB7 /* AnimalDetailViewController.swift */,
				04C22B271D47D16B000E7AC3 /* CounterView.swift */,
				04A8E1001D31867B00E28A0C /* UIImageCircularExtension.swift */,
				042F97F31D35899F00FE1961 /* AnimalPhotoCell.swift */,
				04CCB0A91D43F74800BCE06B /* AnimalFeatureTableCell.swift */,
				04C22B251D47CEAC000E7AC3 /* AnimalImageProvider.swift */,
			);
			name = AnimalDetailView;
			sourceTree = "<group>";
		};
		047D44501D396AF400CF40FE /* Common */ = {
			isa = PBXGroup;
			children = (
				042AF0ED1D27DCC100FC8175 /* UIInsetLabel.swift */,
			);
			name = Common;
			sourceTree = "<group>";
		};
		1606DC6D1AA1EC5C21F1CE22 /* Frameworks */ = {
			isa = PBXGroup;
			children = (
				E840672C406BA1344B0FF4ED /* Pods_Na4_apy.framework */,
				5EE99D39CE35B1899BDCDE5B /* Pods_Na4_apyTests.framework */,
				E87CECEEC3B22DA0335263A9 /* Pods_Na4_apyUITests.framework */,
			);
			name = Frameworks;
			sourceTree = "<group>";
		};
		5C6821741D061B6F00FA7781 /* Model */ = {
			isa = PBXGroup;
			children = (
				5C3C712F1D1737B700ED5C3A /* Listing.swift */,
				5C5134BE1D2C52FB00D50BCB /* Favourite.swift */,
				5C6A40011D1890DF00241067 /* APIObject.swift */,
				5C6821721D061B5C00FA7781 /* Animal.swift */,
				5C6821751D061C5F00FA7781 /* Shelter.swift */,
				5C6821801D0729EB00FA7781 /* Request.swift */,
				5C68217E1D07295100FA7781 /* UserPreferences.swift */,
				5C6821771D06200B00FA7781 /* Photo.swift */,
				04235BE31D8DB22E0097353B /* AnimalURLBuilder.swift */,
				04235BE11D8DB2260097353B /* URLBuildable.swift */,
			);
			name = Model;
			sourceTree = "<group>";
		};
		5C68217D1D06255D00FA7781 /* Config */ = {
			isa = PBXGroup;
			children = (
				5C6821851D077E5900FA7781 /* Constants.swift */,
				5C6821871D08C14500FA7781 /* ErrorString.swift */,
			);
			name = Config;
			sourceTree = "<group>";
		};
		5C6821841D0746A600FA7781 /* Logger */ = {
			isa = PBXGroup;
			children = (
				5C6821821D07469C00FA7781 /* Logger.swift */,
			);
			name = Logger;
			sourceTree = "<group>";
		};
		5CCD46A21D04C6E500D2D672 = {
			isa = PBXGroup;
			children = (
				04E3081A1D44BCE400A822BF /* Localizable.strings */,
				5CCD46AD1D04C6E600D2D672 /* Na4Łapy */,
				5CCD46C21D04C6E600D2D672 /* Na4ŁapyTests */,
				5CCD46CD1D04C6E600D2D672 /* Na4ŁapyUITests */,
				5CCD46AC1D04C6E600D2D672 /* Products */,
				D659D0D33D29A68F93754128 /* Pods */,
				1606DC6D1AA1EC5C21F1CE22 /* Frameworks */,
			);
			sourceTree = "<group>";
		};
		5CCD46AC1D04C6E600D2D672 /* Products */ = {
			isa = PBXGroup;
			children = (
				5CCD46AB1D04C6E600D2D672 /* Na4Łapy.app */,
				5CCD46BF1D04C6E600D2D672 /* Na4ŁapyTests.xctest */,
				5CCD46CA1D04C6E600D2D672 /* Na4ŁapyUITests.xctest */,
			);
			name = Products;
			sourceTree = "<group>";
		};
		5CCD46AD1D04C6E600D2D672 /* Na4Łapy */ = {
			isa = PBXGroup;
			children = (
				047D444D1D396A8C00CF40FE /* UI */,
				5C6821741D061B6F00FA7781 /* Model */,
				5C6821841D0746A600FA7781 /* Logger */,
				5C68217D1D06255D00FA7781 /* Config */,
				5CCD46AE1D04C6E600D2D672 /* AppDelegate.swift */,
				5CCD46B21D04C6E600D2D672 /* Main.storyboard */,
				5CCD46B51D04C6E600D2D672 /* Assets.xcassets */,
				5CCD46B71D04C6E600D2D672 /* LaunchScreen.storyboard */,
				5CCD46BA1D04C6E600D2D672 /* Info.plist */,
				040BDF3D1D1F187100A46FB1 /* Localizable.stringsdict */,
				040BDF391D1F13E100A46FB1 /* Localizable.strings */,
			);
			path = "Na4Łapy";
			sourceTree = "<group>";
		};
		5CCD46C21D04C6E600D2D672 /* Na4ŁapyTests */ = {
			isa = PBXGroup;
			children = (
				5CCD46C31D04C6E600D2D672 /* Na4_apyTests.swift */,
				5CCD46C51D04C6E600D2D672 /* Info.plist */,
			);
			path = "Na4ŁapyTests";
			sourceTree = "<group>";
		};
		5CCD46CD1D04C6E600D2D672 /* Na4ŁapyUITests */ = {
			isa = PBXGroup;
			children = (
				5CCD46CE1D04C6E600D2D672 /* Na4_apyUITests.swift */,
				5CCD46D01D04C6E600D2D672 /* Info.plist */,
			);
			path = "Na4ŁapyUITests";
			sourceTree = "<group>";
		};
		D659D0D33D29A68F93754128 /* Pods */ = {
			isa = PBXGroup;
			children = (
				C0085FB30658EB415E5825F5 /* Pods-Na4Łapy.debug.xcconfig */,
				A2B95E7E3D537B3D602D612B /* Pods-Na4Łapy.release.xcconfig */,
				47329DF26D6B2A34E4B5AD55 /* Pods-Na4ŁapyTests.debug.xcconfig */,
				A4B2DFC64AA3F1BAC67298C3 /* Pods-Na4ŁapyTests.release.xcconfig */,
				B58F094A766A3A49618A8110 /* Pods-Na4ŁapyUITests.debug.xcconfig */,
				B864BB45FF53EC48343D3FFC /* Pods-Na4ŁapyUITests.release.xcconfig */,
			);
			name = Pods;
			sourceTree = "<group>";
		};
/* End PBXGroup section */

/* Begin PBXNativeTarget section */
		5CCD46AA1D04C6E600D2D672 /* Na4Łapy */ = {
			isa = PBXNativeTarget;
			buildConfigurationList = 5CCD46D31D04C6E600D2D672 /* Build configuration list for PBXNativeTarget "Na4Łapy" */;
			buildPhases = (
				AA53C359C9E6340127FB6F2A /* [CP] Check Pods Manifest.lock */,
				5CCD46A71D04C6E600D2D672 /* Sources */,
				5CCD46A81D04C6E600D2D672 /* Frameworks */,
				5CCD46A91D04C6E600D2D672 /* Resources */,
				6997667A1AE2D8D548CBFE19 /* [CP] Embed Pods Frameworks */,
				990BBA314535D4D032029634 /* [CP] Copy Pods Resources */,
				047729C11D415413001B0FCE /* ShellScript */,
			);
			buildRules = (
			);
			dependencies = (
			);
			name = "Na4Łapy";
			productName = "Na4Łapy";
			productReference = 5CCD46AB1D04C6E600D2D672 /* Na4Łapy.app */;
			productType = "com.apple.product-type.application";
		};
		5CCD46BE1D04C6E600D2D672 /* Na4ŁapyTests */ = {
			isa = PBXNativeTarget;
			buildConfigurationList = 5CCD46D61D04C6E600D2D672 /* Build configuration list for PBXNativeTarget "Na4ŁapyTests" */;
			buildPhases = (
				DD907AE12955D8C2872FB46B /* [CP] Check Pods Manifest.lock */,
				5CCD46BB1D04C6E600D2D672 /* Sources */,
				5CCD46BC1D04C6E600D2D672 /* Frameworks */,
				5CCD46BD1D04C6E600D2D672 /* Resources */,
				A132184E045081821742B975 /* [CP] Embed Pods Frameworks */,
				F3D8724A7C8631A026DA8BEC /* [CP] Copy Pods Resources */,
			);
			buildRules = (
			);
			dependencies = (
				5CCD46C11D04C6E600D2D672 /* PBXTargetDependency */,
			);
			name = "Na4ŁapyTests";
			productName = "Na4ŁapyTests";
			productReference = 5CCD46BF1D04C6E600D2D672 /* Na4ŁapyTests.xctest */;
			productType = "com.apple.product-type.bundle.unit-test";
		};
		5CCD46C91D04C6E600D2D672 /* Na4ŁapyUITests */ = {
			isa = PBXNativeTarget;
			buildConfigurationList = 5CCD46D91D04C6E600D2D672 /* Build configuration list for PBXNativeTarget "Na4ŁapyUITests" */;
			buildPhases = (
				ACCD8233BC1267F0EC8757E6 /* [CP] Check Pods Manifest.lock */,
				5CCD46C61D04C6E600D2D672 /* Sources */,
				5CCD46C71D04C6E600D2D672 /* Frameworks */,
				5CCD46C81D04C6E600D2D672 /* Resources */,
				B4E0ED48BCE0FAEA9D321789 /* [CP] Copy Pods Resources */,
			);
			buildRules = (
			);
			dependencies = (
				5CCD46CC1D04C6E600D2D672 /* PBXTargetDependency */,
			);
			name = "Na4ŁapyUITests";
			productName = "Na4ŁapyUITests";
			productReference = 5CCD46CA1D04C6E600D2D672 /* Na4ŁapyUITests.xctest */;
			productType = "com.apple.product-type.bundle.ui-testing";
		};
/* End PBXNativeTarget section */

/* Begin PBXProject section */
		5CCD46A31D04C6E600D2D672 /* Project object */ = {
			isa = PBXProject;
			attributes = {
				LastSwiftUpdateCheck = 0730;
				LastUpgradeCheck = 0800;
				ORGANIZATIONNAME = "Koduj dla Polski";
				TargetAttributes = {
					5CCD46AA1D04C6E600D2D672 = {
						CreatedOnToolsVersion = 7.3.1;
						DevelopmentTeam = 544G5DYBST;
						LastSwiftMigration = 0800;
					};
					5CCD46BE1D04C6E600D2D672 = {
						CreatedOnToolsVersion = 7.3.1;
						LastSwiftMigration = 0800;
						TestTargetID = 5CCD46AA1D04C6E600D2D672;
					};
					5CCD46C91D04C6E600D2D672 = {
						CreatedOnToolsVersion = 7.3.1;
						LastSwiftMigration = 0800;
						TestTargetID = 5CCD46AA1D04C6E600D2D672;
					};
				};
			};
			buildConfigurationList = 5CCD46A61D04C6E600D2D672 /* Build configuration list for PBXProject "Na4Łapy" */;
			compatibilityVersion = "Xcode 3.2";
			developmentRegion = English;
			hasScannedForEncodings = 0;
			knownRegions = (
				en,
				Base,
			);
			mainGroup = 5CCD46A21D04C6E500D2D672;
			productRefGroup = 5CCD46AC1D04C6E600D2D672 /* Products */;
			projectDirPath = "";
			projectRoot = "";
			targets = (
				5CCD46AA1D04C6E600D2D672 /* Na4Łapy */,
				5CCD46BE1D04C6E600D2D672 /* Na4ŁapyTests */,
				5CCD46C91D04C6E600D2D672 /* Na4ŁapyUITests */,
			);
		};
/* End PBXProject section */

/* Begin PBXResourcesBuildPhase section */
		5CCD46A91D04C6E600D2D672 /* Resources */ = {
			isa = PBXResourcesBuildPhase;
			buildActionMask = 2147483647;
			files = (
				5CCD46B91D04C6E600D2D672 /* LaunchScreen.storyboard in Resources */,
				04E3081B1D44BCE400A822BF /* Localizable.strings in Resources */,
				040BDF3E1D1F187100A46FB1 /* Localizable.stringsdict in Resources */,
				040BDF3A1D1F13E100A46FB1 /* Localizable.strings in Resources */,
				5CCD46B61D04C6E600D2D672 /* Assets.xcassets in Resources */,
				5CCD46B41D04C6E600D2D672 /* Main.storyboard in Resources */,
			);
			runOnlyForDeploymentPostprocessing = 0;
		};
		5CCD46BD1D04C6E600D2D672 /* Resources */ = {
			isa = PBXResourcesBuildPhase;
			buildActionMask = 2147483647;
			files = (
			);
			runOnlyForDeploymentPostprocessing = 0;
		};
		5CCD46C81D04C6E600D2D672 /* Resources */ = {
			isa = PBXResourcesBuildPhase;
			buildActionMask = 2147483647;
			files = (
			);
			runOnlyForDeploymentPostprocessing = 0;
		};
/* End PBXResourcesBuildPhase section */

/* Begin PBXShellScriptBuildPhase section */
		047729C11D415413001B0FCE /* ShellScript */ = {
			isa = PBXShellScriptBuildPhase;
			buildActionMask = 2147483647;
			files = (
			);
			inputPaths = (
			);
			outputPaths = (
			);
			runOnlyForDeploymentPostprocessing = 0;
			shellPath = /bin/sh;
			shellScript = "";
		};
		6997667A1AE2D8D548CBFE19 /* [CP] Embed Pods Frameworks */ = {
			isa = PBXShellScriptBuildPhase;
			buildActionMask = 2147483647;
			files = (
			);
			inputPaths = (
			);
			name = "[CP] Embed Pods Frameworks";
			outputPaths = (
			);
			runOnlyForDeploymentPostprocessing = 0;
			shellPath = /bin/sh;
			shellScript = "\"${SRCROOT}/Pods/Target Support Files/Pods-Na4Łapy/Pods-Na4Łapy-frameworks.sh\"\n";
			showEnvVarsInLog = 0;
		};
		990BBA314535D4D032029634 /* [CP] Copy Pods Resources */ = {
			isa = PBXShellScriptBuildPhase;
			buildActionMask = 2147483647;
			files = (
			);
			inputPaths = (
			);
			name = "[CP] Copy Pods Resources";
			outputPaths = (
			);
			runOnlyForDeploymentPostprocessing = 0;
			shellPath = /bin/sh;
			shellScript = "\"${SRCROOT}/Pods/Target Support Files/Pods-Na4Łapy/Pods-Na4Łapy-resources.sh\"\n";
			showEnvVarsInLog = 0;
		};
		A132184E045081821742B975 /* [CP] Embed Pods Frameworks */ = {
			isa = PBXShellScriptBuildPhase;
			buildActionMask = 2147483647;
			files = (
			);
			inputPaths = (
			);
			name = "[CP] Embed Pods Frameworks";
			outputPaths = (
			);
			runOnlyForDeploymentPostprocessing = 0;
			shellPath = /bin/sh;
			shellScript = "\"${SRCROOT}/Pods/Target Support Files/Pods-Na4ŁapyTests/Pods-Na4ŁapyTests-frameworks.sh\"\n";
			showEnvVarsInLog = 0;
		};
		AA53C359C9E6340127FB6F2A /* [CP] Check Pods Manifest.lock */ = {
			isa = PBXShellScriptBuildPhase;
			buildActionMask = 2147483647;
			files = (
			);
			inputPaths = (
			);
			name = "[CP] Check Pods Manifest.lock";
			outputPaths = (
			);
			runOnlyForDeploymentPostprocessing = 0;
			shellPath = /bin/sh;
			shellScript = "diff \"${PODS_ROOT}/../Podfile.lock\" \"${PODS_ROOT}/Manifest.lock\" > /dev/null\nif [[ $? != 0 ]] ; then\n    cat << EOM\nerror: The sandbox is not in sync with the Podfile.lock. Run 'pod install' or update your CocoaPods installation.\nEOM\n    exit 1\nfi\n";
			showEnvVarsInLog = 0;
		};
		ACCD8233BC1267F0EC8757E6 /* [CP] Check Pods Manifest.lock */ = {
			isa = PBXShellScriptBuildPhase;
			buildActionMask = 2147483647;
			files = (
			);
			inputPaths = (
			);
			name = "[CP] Check Pods Manifest.lock";
			outputPaths = (
			);
			runOnlyForDeploymentPostprocessing = 0;
			shellPath = /bin/sh;
			shellScript = "diff \"${PODS_ROOT}/../Podfile.lock\" \"${PODS_ROOT}/Manifest.lock\" > /dev/null\nif [[ $? != 0 ]] ; then\n    cat << EOM\nerror: The sandbox is not in sync with the Podfile.lock. Run 'pod install' or update your CocoaPods installation.\nEOM\n    exit 1\nfi\n";
			showEnvVarsInLog = 0;
		};
		B4E0ED48BCE0FAEA9D321789 /* [CP] Copy Pods Resources */ = {
			isa = PBXShellScriptBuildPhase;
			buildActionMask = 2147483647;
			files = (
			);
			inputPaths = (
			);
			name = "[CP] Copy Pods Resources";
			outputPaths = (
			);
			runOnlyForDeploymentPostprocessing = 0;
			shellPath = /bin/sh;
			shellScript = "\"${SRCROOT}/Pods/Target Support Files/Pods-Na4ŁapyUITests/Pods-Na4ŁapyUITests-resources.sh\"\n";
			showEnvVarsInLog = 0;
		};
		DD907AE12955D8C2872FB46B /* [CP] Check Pods Manifest.lock */ = {
			isa = PBXShellScriptBuildPhase;
			buildActionMask = 2147483647;
			files = (
			);
			inputPaths = (
			);
			name = "[CP] Check Pods Manifest.lock";
			outputPaths = (
			);
			runOnlyForDeploymentPostprocessing = 0;
			shellPath = /bin/sh;
			shellScript = "diff \"${PODS_ROOT}/../Podfile.lock\" \"${PODS_ROOT}/Manifest.lock\" > /dev/null\nif [[ $? != 0 ]] ; then\n    cat << EOM\nerror: The sandbox is not in sync with the Podfile.lock. Run 'pod install' or update your CocoaPods installation.\nEOM\n    exit 1\nfi\n";
			showEnvVarsInLog = 0;
		};
		F3D8724A7C8631A026DA8BEC /* [CP] Copy Pods Resources */ = {
			isa = PBXShellScriptBuildPhase;
			buildActionMask = 2147483647;
			files = (
			);
			inputPaths = (
			);
			name = "[CP] Copy Pods Resources";
			outputPaths = (
			);
			runOnlyForDeploymentPostprocessing = 0;
			shellPath = /bin/sh;
			shellScript = "\"${SRCROOT}/Pods/Target Support Files/Pods-Na4ŁapyTests/Pods-Na4ŁapyTests-resources.sh\"\n";
			showEnvVarsInLog = 0;
		};
/* End PBXShellScriptBuildPhase section */

/* Begin PBXSourcesBuildPhase section */
		5CCD46A71D04C6E600D2D672 /* Sources */ = {
			isa = PBXSourcesBuildPhase;
			buildActionMask = 2147483647;
			files = (
				04A3F1A41D1B3C7800B728E8 /* AnimalCardsViewController.swift in Sources */,
				5C68217F1D07295100FA7781 /* UserPreferences.swift in Sources */,
				5C6821881D08C14500FA7781 /* ErrorString.swift in Sources */,
				04235BE81D8DB6360097353B /* BoolToggleExtension.swift in Sources */,
				5C5134BF1D2C52FB00D50BCB /* Favourite.swift in Sources */,
				5C3C71301D1737B700ED5C3A /* Listing.swift in Sources */,
				5CCD46AF1D04C6E600D2D672 /* AppDelegate.swift in Sources */,
				04CCB0AA1D43F74800BCE06B /* AnimalFeatureTableCell.swift in Sources */,
				5C6821731D061B5C00FA7781 /* Animal.swift in Sources */,
				04235BE21D8DB2260097353B /* URLBuildable.swift in Sources */,
				04E61A491D18930F002AA70F /* AnimalCollectionCell.swift in Sources */,
				5C6821831D07469C00FA7781 /* Logger.swift in Sources */,
				04C22B261D47CEAC000E7AC3 /* AnimalImageProvider.swift in Sources */,
				04AAE1571D87217A009246D2 /* BoolInitExtension.swift in Sources */,
				0428194E1D854ADD00ECA3B9 /* PreferencesViewController.swift in Sources */,
				04A8E1011D31867B00E28A0C /* UIImageCircularExtension.swift in Sources */,
				5C0A9AFC1DCCB9700091B193 /* PomagajViewController.swift in Sources */,
				044D64BE1D3C12BA008CF116 /* AnimalCardsPresenter.swift in Sources */,
				5C6A40021D1890DF00241067 /* APIObject.swift in Sources */,
				5C6821761D061C5F00FA7781 /* Shelter.swift in Sources */,
				042AF0EE1D27DCC100FC8175 /* UIInsetLabel.swift in Sources */,
				5C6821811D0729EB00FA7781 /* Request.swift in Sources */,
				5C6821781D06200B00FA7781 /* Photo.swift in Sources */,
				04235BE41D8DB22E0097353B /* AnimalURLBuilder.swift in Sources */,
				04C22B281D47D16B000E7AC3 /* CounterView.swift in Sources */,
				042F97F41D35899F00FE1961 /* AnimalPhotoCell.swift in Sources */,
				042AF0F01D28179900FC8175 /* CenterCellCollectionViewFlowLayout.swift in Sources */,
				04EE02B11D3118B600E8EEB7 /* AnimalDetailViewController.swift in Sources */,
				5C0A9B061DCCD27B0091B193 /* FavouriteViewController.swift in Sources */,
				5C6821861D077E5900FA7781 /* Constants.swift in Sources */,
			);
			runOnlyForDeploymentPostprocessing = 0;
		};
		5CCD46BB1D04C6E600D2D672 /* Sources */ = {
			isa = PBXSourcesBuildPhase;
			buildActionMask = 2147483647;
			files = (
				5C68218E1D08C77500FA7781 /* Photo.swift in Sources */,
				5CCD46C41D04C6E600D2D672 /* Na4_apyTests.swift in Sources */,
				5C68218D1D08C77100FA7781 /* UserPreferences.swift in Sources */,
				5C5134C01D2C60B600D50BCB /* Favourite.swift in Sources */,
				5C6A40041D189FCB00241067 /* Listing.swift in Sources */,
				5C68218B1D08C76A00FA7781 /* ErrorString.swift in Sources */,
				5C6821901D08C79300FA7781 /* Logger.swift in Sources */,
				04235BE91D8DB73D0097353B /* BoolInitExtension.swift in Sources */,
				5C68218C1D08C76E00FA7781 /* Request.swift in Sources */,
				5C68218A1D08C76600FA7781 /* Constants.swift in Sources */,
				5C68218F1D08C77900FA7781 /* Shelter.swift in Sources */,
				5C6A40031D189FC100241067 /* APIObject.swift in Sources */,
				04235BEA1D8DB7420097353B /* BoolToggleExtension.swift in Sources */,
			);
			runOnlyForDeploymentPostprocessing = 0;
		};
		5CCD46C61D04C6E600D2D672 /* Sources */ = {
			isa = PBXSourcesBuildPhase;
			buildActionMask = 2147483647;
			files = (
				5CCD46CF1D04C6E600D2D672 /* Na4_apyUITests.swift in Sources */,
			);
			runOnlyForDeploymentPostprocessing = 0;
		};
/* End PBXSourcesBuildPhase section */

/* Begin PBXTargetDependency section */
		5CCD46C11D04C6E600D2D672 /* PBXTargetDependency */ = {
			isa = PBXTargetDependency;
			target = 5CCD46AA1D04C6E600D2D672 /* Na4Łapy */;
			targetProxy = 5CCD46C01D04C6E600D2D672 /* PBXContainerItemProxy */;
		};
		5CCD46CC1D04C6E600D2D672 /* PBXTargetDependency */ = {
			isa = PBXTargetDependency;
			target = 5CCD46AA1D04C6E600D2D672 /* Na4Łapy */;
			targetProxy = 5CCD46CB1D04C6E600D2D672 /* PBXContainerItemProxy */;
		};
/* End PBXTargetDependency section */

/* Begin PBXVariantGroup section */
		5CCD46B21D04C6E600D2D672 /* Main.storyboard */ = {
			isa = PBXVariantGroup;
			children = (
				5CCD46B31D04C6E600D2D672 /* Base */,
			);
			name = Main.storyboard;
			sourceTree = "<group>";
		};
		5CCD46B71D04C6E600D2D672 /* LaunchScreen.storyboard */ = {
			isa = PBXVariantGroup;
			children = (
				5CCD46B81D04C6E600D2D672 /* Base */,
			);
			name = LaunchScreen.storyboard;
			sourceTree = "<group>";
		};
/* End PBXVariantGroup section */

/* Begin XCBuildConfiguration section */
		5CCD46D11D04C6E600D2D672 /* Debug */ = {
			isa = XCBuildConfiguration;
			buildSettings = {
				ALWAYS_SEARCH_USER_PATHS = NO;
				CLANG_ANALYZER_NONNULL = YES;
				CLANG_CXX_LANGUAGE_STANDARD = "gnu++0x";
				CLANG_CXX_LIBRARY = "libc++";
				CLANG_ENABLE_MODULES = YES;
				CLANG_ENABLE_OBJC_ARC = YES;
				CLANG_WARN_BOOL_CONVERSION = YES;
				CLANG_WARN_CONSTANT_CONVERSION = YES;
				CLANG_WARN_DIRECT_OBJC_ISA_USAGE = YES_ERROR;
				CLANG_WARN_EMPTY_BODY = YES;
				CLANG_WARN_ENUM_CONVERSION = YES;
				CLANG_WARN_INT_CONVERSION = YES;
				CLANG_WARN_OBJC_ROOT_CLASS = YES_ERROR;
				CLANG_WARN_UNREACHABLE_CODE = YES;
				CLANG_WARN__DUPLICATE_METHOD_MATCH = YES;
				"CODE_SIGN_IDENTITY[sdk=iphoneos*]" = "iPhone Developer";
				COPY_PHASE_STRIP = NO;
				DEBUG_INFORMATION_FORMAT = dwarf;
				ENABLE_STRICT_OBJC_MSGSEND = YES;
				ENABLE_TESTABILITY = YES;
				GCC_C_LANGUAGE_STANDARD = gnu99;
				GCC_DYNAMIC_NO_PIC = NO;
				GCC_NO_COMMON_BLOCKS = YES;
				GCC_OPTIMIZATION_LEVEL = 0;
				GCC_PREPROCESSOR_DEFINITIONS = (
					"DEBUG=1",
					"$(inherited)",
				);
				GCC_WARN_64_TO_32_BIT_CONVERSION = YES;
				GCC_WARN_ABOUT_RETURN_TYPE = YES_ERROR;
				GCC_WARN_UNDECLARED_SELECTOR = YES;
				GCC_WARN_UNINITIALIZED_AUTOS = YES_AGGRESSIVE;
				GCC_WARN_UNUSED_FUNCTION = YES;
				GCC_WARN_UNUSED_VARIABLE = YES;
				IPHONEOS_DEPLOYMENT_TARGET = 8.0;
				MTL_ENABLE_DEBUG_INFO = YES;
				ONLY_ACTIVE_ARCH = YES;
				OTHER_SWIFT_FLAGS = "-DDEBUG";
				SDKROOT = iphoneos;
				SWIFT_OPTIMIZATION_LEVEL = "-Onone";
				SWIFT_VERSION = 3.0;
			};
			name = Debug;
		};
		5CCD46D21D04C6E600D2D672 /* Release */ = {
			isa = XCBuildConfiguration;
			buildSettings = {
				ALWAYS_SEARCH_USER_PATHS = NO;
				CLANG_ANALYZER_NONNULL = YES;
				CLANG_CXX_LANGUAGE_STANDARD = "gnu++0x";
				CLANG_CXX_LIBRARY = "libc++";
				CLANG_ENABLE_MODULES = YES;
				CLANG_ENABLE_OBJC_ARC = YES;
				CLANG_WARN_BOOL_CONVERSION = YES;
				CLANG_WARN_CONSTANT_CONVERSION = YES;
				CLANG_WARN_DIRECT_OBJC_ISA_USAGE = YES_ERROR;
				CLANG_WARN_EMPTY_BODY = YES;
				CLANG_WARN_ENUM_CONVERSION = YES;
				CLANG_WARN_INT_CONVERSION = YES;
				CLANG_WARN_OBJC_ROOT_CLASS = YES_ERROR;
				CLANG_WARN_UNREACHABLE_CODE = YES;
				CLANG_WARN__DUPLICATE_METHOD_MATCH = YES;
				"CODE_SIGN_IDENTITY[sdk=iphoneos*]" = "iPhone Developer";
				COPY_PHASE_STRIP = NO;
				DEBUG_INFORMATION_FORMAT = "dwarf-with-dsym";
				ENABLE_NS_ASSERTIONS = NO;
				ENABLE_STRICT_OBJC_MSGSEND = YES;
				GCC_C_LANGUAGE_STANDARD = gnu99;
				GCC_NO_COMMON_BLOCKS = YES;
				GCC_WARN_64_TO_32_BIT_CONVERSION = YES;
				GCC_WARN_ABOUT_RETURN_TYPE = YES_ERROR;
				GCC_WARN_UNDECLARED_SELECTOR = YES;
				GCC_WARN_UNINITIALIZED_AUTOS = YES_AGGRESSIVE;
				GCC_WARN_UNUSED_FUNCTION = YES;
				GCC_WARN_UNUSED_VARIABLE = YES;
				IPHONEOS_DEPLOYMENT_TARGET = 8.0;
				MTL_ENABLE_DEBUG_INFO = NO;
				OTHER_SWIFT_FLAGS = "-DRELEASE";
				SDKROOT = iphoneos;
				SWIFT_VERSION = 3.0;
				VALIDATE_PRODUCT = YES;
			};
			name = Release;
		};
		5CCD46D41D04C6E600D2D672 /* Debug */ = {
			isa = XCBuildConfiguration;
			baseConfigurationReference = C0085FB30658EB415E5825F5 /* Pods-Na4Łapy.debug.xcconfig */;
			buildSettings = {
				ALWAYS_EMBED_SWIFT_STANDARD_LIBRARIES = "$(inherited)";
				ASSETCATALOG_COMPILER_APPICON_NAME = AppIcon;
				CODE_SIGN_IDENTITY = "iPhone Developer";
				"CODE_SIGN_IDENTITY[sdk=iphoneos*]" = "iPhone Developer";
				EMBED_ASSET_PACKS_IN_PRODUCT_BUNDLE = YES;
				INFOPLIST_FILE = "Na4Łapy/Info.plist";
				IPHONEOS_DEPLOYMENT_TARGET = 8.0;
				LD_RUNPATH_SEARCH_PATHS = "$(inherited) @executable_path/Frameworks";
				PRODUCT_BUNDLE_IDENTIFIER = "com.kodujdlapolski.Na4-apy";
				PRODUCT_NAME = "$(TARGET_NAME)";
				PROVISIONING_PROFILE = "";
				SWIFT_VERSION = 3.0;
			};
			name = Debug;
		};
		5CCD46D51D04C6E600D2D672 /* Release */ = {
			isa = XCBuildConfiguration;
			baseConfigurationReference = A2B95E7E3D537B3D602D612B /* Pods-Na4Łapy.release.xcconfig */;
			buildSettings = {
				ALWAYS_EMBED_SWIFT_STANDARD_LIBRARIES = "$(inherited)";
				ASSETCATALOG_COMPILER_APPICON_NAME = AppIcon;
				CODE_SIGN_IDENTITY = "iPhone Developer";
				"CODE_SIGN_IDENTITY[sdk=iphoneos*]" = "iPhone Developer";
				EMBED_ASSET_PACKS_IN_PRODUCT_BUNDLE = YES;
				INFOPLIST_FILE = "Na4Łapy/Info.plist";
				IPHONEOS_DEPLOYMENT_TARGET = 8.0;
				LD_RUNPATH_SEARCH_PATHS = "$(inherited) @executable_path/Frameworks";
				PRODUCT_BUNDLE_IDENTIFIER = "com.kodujdlapolski.Na4-apy";
				PRODUCT_NAME = "$(TARGET_NAME)";
				PROVISIONING_PROFILE = "";
				SWIFT_OPTIMIZATION_LEVEL = "-Owholemodule";
				SWIFT_VERSION = 3.0;
			};
			name = Release;
		};
		5CCD46D71D04C6E600D2D672 /* Debug */ = {
			isa = XCBuildConfiguration;
			baseConfigurationReference = 47329DF26D6B2A34E4B5AD55 /* Pods-Na4ŁapyTests.debug.xcconfig */;
			buildSettings = {
				BUNDLE_LOADER = "$(TEST_HOST)";
				INFOPLIST_FILE = "Na4ŁapyTests/Info.plist";
				LD_RUNPATH_SEARCH_PATHS = "$(inherited) @executable_path/Frameworks @loader_path/Frameworks";
				PRODUCT_BUNDLE_IDENTIFIER = "com.kodujdlapolski.Na4-apyTests";
				PRODUCT_NAME = "$(TARGET_NAME)";
				SWIFT_VERSION = 3.0;
				TEST_HOST = "$(BUILT_PRODUCTS_DIR)/Na4Łapy.app/Na4Łapy";
			};
			name = Debug;
		};
		5CCD46D81D04C6E600D2D672 /* Release */ = {
			isa = XCBuildConfiguration;
			baseConfigurationReference = A4B2DFC64AA3F1BAC67298C3 /* Pods-Na4ŁapyTests.release.xcconfig */;
			buildSettings = {
				BUNDLE_LOADER = "$(TEST_HOST)";
				INFOPLIST_FILE = "Na4ŁapyTests/Info.plist";
				LD_RUNPATH_SEARCH_PATHS = "$(inherited) @executable_path/Frameworks @loader_path/Frameworks";
				PRODUCT_BUNDLE_IDENTIFIER = "com.kodujdlapolski.Na4-apyTests";
				PRODUCT_NAME = "$(TARGET_NAME)";
				SWIFT_OPTIMIZATION_LEVEL = "-Owholemodule";
				SWIFT_VERSION = 3.0;
				TEST_HOST = "$(BUILT_PRODUCTS_DIR)/Na4Łapy.app/Na4Łapy";
			};
			name = Release;
		};
		5CCD46DA1D04C6E600D2D672 /* Debug */ = {
			isa = XCBuildConfiguration;
			baseConfigurationReference = B58F094A766A3A49618A8110 /* Pods-Na4ŁapyUITests.debug.xcconfig */;
			buildSettings = {
				INFOPLIST_FILE = "Na4ŁapyUITests/Info.plist";
				LD_RUNPATH_SEARCH_PATHS = "$(inherited) @executable_path/Frameworks @loader_path/Frameworks";
				PRODUCT_BUNDLE_IDENTIFIER = "com.kodujdlapolski.Na4-apyUITests";
				PRODUCT_NAME = "$(TARGET_NAME)";
				SWIFT_VERSION = 3.0;
				TEST_TARGET_NAME = "Na4Łapy";
			};
			name = Debug;
		};
		5CCD46DB1D04C6E600D2D672 /* Release */ = {
			isa = XCBuildConfiguration;
			baseConfigurationReference = B864BB45FF53EC48343D3FFC /* Pods-Na4ŁapyUITests.release.xcconfig */;
			buildSettings = {
				INFOPLIST_FILE = "Na4ŁapyUITests/Info.plist";
				LD_RUNPATH_SEARCH_PATHS = "$(inherited) @executable_path/Frameworks @loader_path/Frameworks";
				PRODUCT_BUNDLE_IDENTIFIER = "com.kodujdlapolski.Na4-apyUITests";
				PRODUCT_NAME = "$(TARGET_NAME)";
				SWIFT_OPTIMIZATION_LEVEL = "-Owholemodule";
				SWIFT_VERSION = 3.0;
				TEST_TARGET_NAME = "Na4Łapy";
			};
			name = Release;
		};
/* End XCBuildConfiguration section */

/* Begin XCConfigurationList section */
		5CCD46A61D04C6E600D2D672 /* Build configuration list for PBXProject "Na4Łapy" */ = {
			isa = XCConfigurationList;
			buildConfigurations = (
				5CCD46D11D04C6E600D2D672 /* Debug */,
				5CCD46D21D04C6E600D2D672 /* Release */,
			);
			defaultConfigurationIsVisible = 0;
			defaultConfigurationName = Release;
		};
		5CCD46D31D04C6E600D2D672 /* Build configuration list for PBXNativeTarget "Na4Łapy" */ = {
			isa = XCConfigurationList;
			buildConfigurations = (
				5CCD46D41D04C6E600D2D672 /* Debug */,
				5CCD46D51D04C6E600D2D672 /* Release */,
			);
			defaultConfigurationIsVisible = 0;
			defaultConfigurationName = Release;
		};
		5CCD46D61D04C6E600D2D672 /* Build configuration list for PBXNativeTarget "Na4ŁapyTests" */ = {
			isa = XCConfigurationList;
			buildConfigurations = (
				5CCD46D71D04C6E600D2D672 /* Debug */,
				5CCD46D81D04C6E600D2D672 /* Release */,
			);
			defaultConfigurationIsVisible = 0;
			defaultConfigurationName = Release;
		};
		5CCD46D91D04C6E600D2D672 /* Build configuration list for PBXNativeTarget "Na4ŁapyUITests" */ = {
			isa = XCConfigurationList;
			buildConfigurations = (
				5CCD46DA1D04C6E600D2D672 /* Debug */,
				5CCD46DB1D04C6E600D2D672 /* Release */,
			);
			defaultConfigurationIsVisible = 0;
			defaultConfigurationName = Release;
		};
/* End XCConfigurationList section */
	};
	rootObject = 5CCD46A31D04C6E600D2D672 /* Project object */;
}
